
Microsoft Visual Studio Solution File, Format Version 12.00
# Visual Studio Version 17
VisualStudioVersion = 17.6.33815.320
MinimumVisualStudioVersion = 10.0.40219.1
Project("{FAE04EC0-301F-11D3-BF4B-00C04F79EFBC}") = "SingleChar", "SingleChar.csproj", "{275FF0CD-2444-46F7-879D-836C06EFBA95}"
EndProject
Global
	GlobalSection(SolutionConfigurationPlatforms) = preSolution
		Debug|Any CPU = Debug|Any CPU
		Release|Any CPU = Release|Any CPU
	EndGlobalSection
	GlobalSection(ProjectConfigurationPlatforms) = postSolution
		{275FF0CD-2444-46F7-879D-836C06EFBA95}.Debug|Any CPU.ActiveCfg = Debug|Any CPU
		{275FF0CD-2444-46F7-879D-836C06EFBA95}.Debug|Any CPU.Build.0 = Debug|Any CPU
		{275FF0CD-2444-46F7-879D-836C06EFBA95}.Release|Any CPU.ActiveCfg = Release|Any CPU
		{275FF0CD-2444-46F7-879D-836C06EFBA95}.Release|Any CPU.Build.0 = Release|Any CPU
	EndGlobalSection
	GlobalSection(SolutionProperties) = preSolution
		HideSolutionNode = FALSE
	EndGlobalSection
	GlobalSection(ExtensibilityGlobals) = postSolution
		SolutionGuid = {33B974B6-D619-4025-BF03-F6F47EA3F614}
	EndGlobalSection
EndGlobal
