
Microsoft Visual Studio Solution File, Format Version 12.00
# Visual Studio Version 17
VisualStudioVersion = 17.5.33530.505
MinimumVisualStudioVersion = 10.0.40219.1
Project("{FAE04EC0-301F-11D3-BF4B-00C04F79EFBC}") = "Quiz", "Quiz.csproj", "{708A1ACE-D211-472C-B8C0-6ABF644B3856}"
EndProject
Global
	GlobalSection(SolutionConfigurationPlatforms) = preSolution
		Debug|Any CPU = Debug|Any CPU
		Release|Any CPU = Release|Any CPU
	EndGlobalSection
	GlobalSection(ProjectConfigurationPlatforms) = postSolution
		{708A1ACE-D211-472C-B8C0-6ABF644B3856}.Debug|Any CPU.ActiveCfg = Debug|Any CPU
		{708A1ACE-D211-472C-B8C0-6ABF644B3856}.Debug|Any CPU.Build.0 = Debug|Any CPU
		{708A1ACE-D211-472C-B8C0-6ABF644B3856}.Release|Any CPU.ActiveCfg = Release|Any CPU
		{708A1ACE-D211-472C-B8C0-6ABF644B3856}.Release|Any CPU.Build.0 = Release|Any CPU
	EndGlobalSection
	GlobalSection(SolutionProperties) = preSolution
		HideSolutionNode = FALSE
	EndGlobalSection
	GlobalSection(ExtensibilityGlobals) = postSolution
		SolutionGuid = {2F3D1294-C07F-4C84-A8E5-CB4460322DC5}
	EndGlobalSection
EndGlobal
